
Microsoft Visual Studio Solution File, Format Version 12.00
# Visual Studio Version 16
VisualStudioVersion = 16.0.33927.289
MinimumVisualStudioVersion = 10.0.40219.1
Project("{FAE04EC0-301F-11D3-BF4B-00C04F79EFBC}") = "Student_Management", "Student_Management\Student_Management.csproj", "{CC8C1C47-4464-4820-88E1-8A1E940728E5}"
EndProject
Global
	GlobalSection(SolutionConfigurationPlatforms) = preSolution
		Debug|Any CPU = Debug|Any CPU
		Release|Any CPU = Release|Any CPU
	EndGlobalSection
	GlobalSection(ProjectConfigurationPlatforms) = postSolution
		{CC8C1C47-4464-4820-88E1-8A1E940728E5}.Debug|Any CPU.ActiveCfg = Debug|Any CPU
		{CC8C1C47-4464-4820-88E1-8A1E940728E5}.Debug|Any CPU.Build.0 = Debug|Any CPU
		{CC8C1C47-4464-4820-88E1-8A1E940728E5}.Release|Any CPU.ActiveCfg = Release|Any CPU
		{CC8C1C47-4464-4820-88E1-8A1E940728E5}.Release|Any CPU.Build.0 = Release|Any CPU
	EndGlobalSection
	GlobalSection(SolutionProperties) = preSolution
		HideSolutionNode = FALSE
	EndGlobalSection
	GlobalSection(ExtensibilityGlobals) = postSolution
		SolutionGuid = {1A1BD134-2205-4361-8267-578280C942E2}
	EndGlobalSection
EndGlobal
